// !$*UTF8*$!
{
	archiveVersion = 1;
	classes = {
	};
	objectVersion = 56;
	objects = {

/* Begin PBXBuildFile section */
		5D459A732A7BD4EA00D36CBA /* MusicCell.swift in Sources */ = {isa = PBXBuildFile; fileRef = 5D459A722A7BD4EA00D36CBA /* MusicCell.swift */; };
		5D459A762A7BD7B300D36CBA /* Observable.swift in Sources */ = {isa = PBXBuildFile; fileRef = 5D459A752A7BD7B300D36CBA /* Observable.swift */; };
		5D459A782A7BD9F700D36CBA /* CommonMethods.swift in Sources */ = {isa = PBXBuildFile; fileRef = 5D459A772A7BD9F700D36CBA /* CommonMethods.swift */; };
		5D459A7A2A7BE33300D36CBA /* Connectivity.swift in Sources */ = {isa = PBXBuildFile; fileRef = 5D459A792A7BE33300D36CBA /* Connectivity.swift */; };
		5D459A7C2A7BE37800D36CBA /* AlertHelper.swift in Sources */ = {isa = PBXBuildFile; fileRef = 5D459A7B2A7BE37800D36CBA /* AlertHelper.swift */; };
		5D459A7E2A7BF4F600D36CBA /* FavouriteViewController.swift in Sources */ = {isa = PBXBuildFile; fileRef = 5D459A7D2A7BF4F600D36CBA /* FavouriteViewController.swift */; };
		5D459A822A7BF50E00D36CBA /* FavouriteViewModel.swift in Sources */ = {isa = PBXBuildFile; fileRef = 5D459A812A7BF50E00D36CBA /* FavouriteViewModel.swift */; };
		5D4A61E72A7A85E600778C3B /* MusicListRequest.swift in Sources */ = {isa = PBXBuildFile; fileRef = 5D4A61E62A7A85E600778C3B /* MusicListRequest.swift */; };
		5D4A61ED2A7A899A00778C3B /* MusicListResponse.swift in Sources */ = {isa = PBXBuildFile; fileRef = 5D4A61EC2A7A899A00778C3B /* MusicListResponse.swift */; };
		5D4A61F02A7A8A4000778C3B /* Encodable.swift in Sources */ = {isa = PBXBuildFile; fileRef = 5D4A61EF2A7A8A4000778C3B /* Encodable.swift */; };
		5D4A61F22A7A919200778C3B /* SearchViewModel.swift in Sources */ = {isa = PBXBuildFile; fileRef = 5D4A61F12A7A919200778C3B /* SearchViewModel.swift */; };
		5D4A61F52A7A91B900778C3B /* 1.txt in Resources */ = {isa = PBXBuildFile; fileRef = 5D4A61F42A7A91B900778C3B /* 1.txt */; };
		5D4A61F72A7A94B300778C3B /* String.swift in Sources */ = {isa = PBXBuildFile; fileRef = 5D4A61F62A7A94B300778C3B /* String.swift */; };
		5D85DB792A7AB15F00C00994 /* 2.txt in Resources */ = {isa = PBXBuildFile; fileRef = 5D85DB782A7AB15F00C00994 /* 2.txt */; };
		5D85DB7B2A7AB3CE00C00994 /* 3.txt in Resources */ = {isa = PBXBuildFile; fileRef = 5D85DB7A2A7AB3CD00C00994 /* 3.txt */; };
		5D85DB7E2A7B1EE100C00994 /* LaunchScreenViewController.swift in Sources */ = {isa = PBXBuildFile; fileRef = 5D85DB7D2A7B1EE100C00994 /* LaunchScreenViewController.swift */; };
		5D85DB802A7B1EF800C00994 /* Constants.swift in Sources */ = {isa = PBXBuildFile; fileRef = 5D85DB7F2A7B1EF800C00994 /* Constants.swift */; };
		5D85DB822A7B1F0A00C00994 /* UserConfigs.swift in Sources */ = {isa = PBXBuildFile; fileRef = 5D85DB812A7B1F0A00C00994 /* UserConfigs.swift */; };
		5D85DB862A7B206300C00994 /* Main.storyboard in Resources */ = {isa = PBXBuildFile; fileRef = 5D85DB852A7B206300C00994 /* Main.storyboard */; };
		5D85DB882A7B20A600C00994 /* UIViewController.swift in Sources */ = {isa = PBXBuildFile; fileRef = 5D85DB872A7B20A600C00994 /* UIViewController.swift */; };
		5D85DB8A2A7B267000C00994 /* SceneDelegate.swift in Sources */ = {isa = PBXBuildFile; fileRef = 5D85DB892A7B267000C00994 /* SceneDelegate.swift */; };
		5D85DB8F2A7B284C00C00994 /* SettingsViewController.swift in Sources */ = {isa = PBXBuildFile; fileRef = 5D85DB8E2A7B284C00C00994 /* SettingsViewController.swift */; };
		5D85DB912A7B285400C00994 /* SettingsViewModel.swift in Sources */ = {isa = PBXBuildFile; fileRef = 5D85DB902A7B285400C00994 /* SettingsViewModel.swift */; };
		5DC927DE2A7A80FF001A4F41 /* AppDelegate.swift in Sources */ = {isa = PBXBuildFile; fileRef = 5DC927DD2A7A80FF001A4F41 /* AppDelegate.swift */; };
		5DC927E22A7A80FF001A4F41 /* SearchViewController.swift in Sources */ = {isa = PBXBuildFile; fileRef = 5DC927E12A7A80FF001A4F41 /* SearchViewController.swift */; };
		5DC927E72A7A8100001A4F41 /* Assets.xcassets in Resources */ = {isa = PBXBuildFile; fileRef = 5DC927E62A7A8100001A4F41 /* Assets.xcassets */; };
		5DC927EA2A7A8100001A4F41 /* LaunchScreen.storyboard in Resources */ = {isa = PBXBuildFile; fileRef = 5DC927E82A7A8100001A4F41 /* LaunchScreen.storyboard */; };
		5DC927F52A7A8100001A4F41 /* MusicPlaylistTests.swift in Sources */ = {isa = PBXBuildFile; fileRef = 5DC927F42A7A8100001A4F41 /* MusicPlaylistTests.swift */; };
		5DC927FF2A7A8100001A4F41 /* MusicPlaylistUITests.swift in Sources */ = {isa = PBXBuildFile; fileRef = 5DC927FE2A7A8100001A4F41 /* MusicPlaylistUITests.swift */; };
		5DC928012A7A8100001A4F41 /* MusicPlaylistUITestsLaunchTests.swift in Sources */ = {isa = PBXBuildFile; fileRef = 5DC928002A7A8100001A4F41 /* MusicPlaylistUITestsLaunchTests.swift */; };
		6180307E15EB0F7CD4C8D2B0 /* Pods_MusicPlaylist.framework in Frameworks */ = {isa = PBXBuildFile; fileRef = 42FFAA98D5A076571C9D5050 /* Pods_MusicPlaylist.framework */; };
		764151DA5CE70D5F25EA94C2 /* Pods_MusicPlaylistUITests.framework in Frameworks */ = {isa = PBXBuildFile; fileRef = 2829B520C89A22489E268606 /* Pods_MusicPlaylistUITests.framework */; };
		77B8E34CC462878E347649A9 /* Pods_MusicPlaylistTests.framework in Frameworks */ = {isa = PBXBuildFile; fileRef = 180CC0AAF5AE9DFD446C7315 /* Pods_MusicPlaylistTests.framework */; };
/* End PBXBuildFile section */

/* Begin PBXContainerItemProxy section */
		5DC927F12A7A8100001A4F41 /* PBXContainerItemProxy */ = {
			isa = PBXContainerItemProxy;
			containerPortal = 5DC927D22A7A80FF001A4F41 /* Project object */;
			proxyType = 1;
			remoteGlobalIDString = 5DC927D92A7A80FF001A4F41;
			remoteInfo = MusicPlaylist;
		};
		5DC927FB2A7A8100001A4F41 /* PBXContainerItemProxy */ = {
			isa = PBXContainerItemProxy;
			containerPortal = 5DC927D22A7A80FF001A4F41 /* Project object */;
			proxyType = 1;
			remoteGlobalIDString = 5DC927D92A7A80FF001A4F41;
			remoteInfo = MusicPlaylist;
		};
/* End PBXContainerItemProxy section */

/* Begin PBXFileReference section */
		180CC0AAF5AE9DFD446C7315 /* Pods_MusicPlaylistTests.framework */ = {isa = PBXFileReference; explicitFileType = wrapper.framework; includeInIndex = 0; path = Pods_MusicPlaylistTests.framework; sourceTree = BUILT_PRODUCTS_DIR; };
		1B10B3A741FCF7AC9C97B224 /* Pods-MusicPlaylistTests.debug.xcconfig */ = {isa = PBXFileReference; includeInIndex = 1; lastKnownFileType = text.xcconfig; name = "Pods-MusicPlaylistTests.debug.xcconfig"; path = "Target Support Files/Pods-MusicPlaylistTests/Pods-MusicPlaylistTests.debug.xcconfig"; sourceTree = "<group>"; };
		1B45DB58827714A1FE395AF2 /* Pods-MusicPlaylistUITests.debug.xcconfig */ = {isa = PBXFileReference; includeInIndex = 1; lastKnownFileType = text.xcconfig; name = "Pods-MusicPlaylistUITests.debug.xcconfig"; path = "Target Support Files/Pods-MusicPlaylistUITests/Pods-MusicPlaylistUITests.debug.xcconfig"; sourceTree = "<group>"; };
		2829B520C89A22489E268606 /* Pods_MusicPlaylistUITests.framework */ = {isa = PBXFileReference; explicitFileType = wrapper.framework; includeInIndex = 0; path = Pods_MusicPlaylistUITests.framework; sourceTree = BUILT_PRODUCTS_DIR; };
		42FFAA98D5A076571C9D5050 /* Pods_MusicPlaylist.framework */ = {isa = PBXFileReference; explicitFileType = wrapper.framework; includeInIndex = 0; path = Pods_MusicPlaylist.framework; sourceTree = BUILT_PRODUCTS_DIR; };
		5D459A722A7BD4EA00D36CBA /* MusicCell.swift */ = {isa = PBXFileReference; lastKnownFileType = sourcecode.swift; path = MusicCell.swift; sourceTree = "<group>"; };
		5D459A752A7BD7B300D36CBA /* Observable.swift */ = {isa = PBXFileReference; lastKnownFileType = sourcecode.swift; path = Observable.swift; sourceTree = "<group>"; };
		5D459A772A7BD9F700D36CBA /* CommonMethods.swift */ = {isa = PBXFileReference; lastKnownFileType = sourcecode.swift; path = CommonMethods.swift; sourceTree = "<group>"; };
		5D459A792A7BE33300D36CBA /* Connectivity.swift */ = {isa = PBXFileReference; lastKnownFileType = sourcecode.swift; path = Connectivity.swift; sourceTree = "<group>"; };
		5D459A7B2A7BE37800D36CBA /* AlertHelper.swift */ = {isa = PBXFileReference; lastKnownFileType = sourcecode.swift; path = AlertHelper.swift; sourceTree = "<group>"; };
		5D459A7D2A7BF4F600D36CBA /* FavouriteViewController.swift */ = {isa = PBXFileReference; lastKnownFileType = sourcecode.swift; path = FavouriteViewController.swift; sourceTree = "<group>"; };
		5D459A812A7BF50E00D36CBA /* FavouriteViewModel.swift */ = {isa = PBXFileReference; lastKnownFileType = sourcecode.swift; path = FavouriteViewModel.swift; sourceTree = "<group>"; };
		5D4A61E62A7A85E600778C3B /* MusicListRequest.swift */ = {isa = PBXFileReference; lastKnownFileType = sourcecode.swift; path = MusicListRequest.swift; sourceTree = "<group>"; };
		5D4A61EC2A7A899A00778C3B /* MusicListResponse.swift */ = {isa = PBXFileReference; lastKnownFileType = sourcecode.swift; path = MusicListResponse.swift; sourceTree = "<group>"; };
		5D4A61EF2A7A8A4000778C3B /* Encodable.swift */ = {isa = PBXFileReference; lastKnownFileType = sourcecode.swift; path = Encodable.swift; sourceTree = "<group>"; };
		5D4A61F12A7A919200778C3B /* SearchViewModel.swift */ = {isa = PBXFileReference; lastKnownFileType = sourcecode.swift; path = SearchViewModel.swift; sourceTree = "<group>"; };
		5D4A61F42A7A91B900778C3B /* 1.txt */ = {isa = PBXFileReference; fileEncoding = 4; lastKnownFileType = text; name = 1.txt; path = MusicPlaylistTests/Data/1.txt; sourceTree = SOURCE_ROOT; };
		5D4A61F62A7A94B300778C3B /* String.swift */ = {isa = PBXFileReference; lastKnownFileType = sourcecode.swift; path = String.swift; sourceTree = "<group>"; };
		5D85DB782A7AB15F00C00994 /* 2.txt */ = {isa = PBXFileReference; fileEncoding = 4; lastKnownFileType = text; path = 2.txt; sourceTree = "<group>"; };
		5D85DB7A2A7AB3CD00C00994 /* 3.txt */ = {isa = PBXFileReference; fileEncoding = 4; lastKnownFileType = text; path = 3.txt; sourceTree = "<group>"; };
		5D85DB7D2A7B1EE100C00994 /* LaunchScreenViewController.swift */ = {isa = PBXFileReference; lastKnownFileType = sourcecode.swift; path = LaunchScreenViewController.swift; sourceTree = "<group>"; };
		5D85DB7F2A7B1EF800C00994 /* Constants.swift */ = {isa = PBXFileReference; lastKnownFileType = sourcecode.swift; path = Constants.swift; sourceTree = "<group>"; };
		5D85DB812A7B1F0A00C00994 /* UserConfigs.swift */ = {isa = PBXFileReference; lastKnownFileType = sourcecode.swift; path = UserConfigs.swift; sourceTree = "<group>"; };
		5D85DB852A7B206300C00994 /* Main.storyboard */ = {isa = PBXFileReference; lastKnownFileType = file.storyboard; path = Main.storyboard; sourceTree = "<group>"; };
		5D85DB872A7B20A600C00994 /* UIViewController.swift */ = {isa = PBXFileReference; lastKnownFileType = sourcecode.swift; path = UIViewController.swift; sourceTree = "<group>"; };
		5D85DB892A7B267000C00994 /* SceneDelegate.swift */ = {isa = PBXFileReference; lastKnownFileType = sourcecode.swift; path = SceneDelegate.swift; sourceTree = "<group>"; };
		5D85DB8E2A7B284C00C00994 /* SettingsViewController.swift */ = {isa = PBXFileReference; lastKnownFileType = sourcecode.swift; path = SettingsViewController.swift; sourceTree = "<group>"; };
		5D85DB902A7B285400C00994 /* SettingsViewModel.swift */ = {isa = PBXFileReference; lastKnownFileType = sourcecode.swift; path = SettingsViewModel.swift; sourceTree = "<group>"; };
		5DC927DA2A7A80FF001A4F41 /* MusicPlaylist.app */ = {isa = PBXFileReference; explicitFileType = wrapper.application; includeInIndex = 0; path = MusicPlaylist.app; sourceTree = BUILT_PRODUCTS_DIR; };
		5DC927DD2A7A80FF001A4F41 /* AppDelegate.swift */ = {isa = PBXFileReference; lastKnownFileType = sourcecode.swift; path = AppDelegate.swift; sourceTree = "<group>"; };
		5DC927E12A7A80FF001A4F41 /* SearchViewController.swift */ = {isa = PBXFileReference; lastKnownFileType = sourcecode.swift; path = SearchViewController.swift; sourceTree = "<group>"; };
		5DC927E62A7A8100001A4F41 /* Assets.xcassets */ = {isa = PBXFileReference; lastKnownFileType = folder.assetcatalog; path = Assets.xcassets; sourceTree = "<group>"; };
		5DC927E92A7A8100001A4F41 /* Base */ = {isa = PBXFileReference; lastKnownFileType = file.storyboard; name = Base; path = Base.lproj/LaunchScreen.storyboard; sourceTree = "<group>"; };
		5DC927EB2A7A8100001A4F41 /* Info.plist */ = {isa = PBXFileReference; lastKnownFileType = text.plist.xml; path = Info.plist; sourceTree = "<group>"; };
		5DC927F02A7A8100001A4F41 /* MusicPlaylistTests.xctest */ = {isa = PBXFileReference; explicitFileType = wrapper.cfbundle; includeInIndex = 0; path = MusicPlaylistTests.xctest; sourceTree = BUILT_PRODUCTS_DIR; };
		5DC927F42A7A8100001A4F41 /* MusicPlaylistTests.swift */ = {isa = PBXFileReference; lastKnownFileType = sourcecode.swift; path = MusicPlaylistTests.swift; sourceTree = "<group>"; };
		5DC927FA2A7A8100001A4F41 /* MusicPlaylistUITests.xctest */ = {isa = PBXFileReference; explicitFileType = wrapper.cfbundle; includeInIndex = 0; path = MusicPlaylistUITests.xctest; sourceTree = BUILT_PRODUCTS_DIR; };
		5DC927FE2A7A8100001A4F41 /* MusicPlaylistUITests.swift */ = {isa = PBXFileReference; lastKnownFileType = sourcecode.swift; path = MusicPlaylistUITests.swift; sourceTree = "<group>"; };
		5DC928002A7A8100001A4F41 /* MusicPlaylistUITestsLaunchTests.swift */ = {isa = PBXFileReference; lastKnownFileType = sourcecode.swift; path = MusicPlaylistUITestsLaunchTests.swift; sourceTree = "<group>"; };
		75B7EF980ACD516797FC9267 /* Pods-MusicPlaylist.debug.xcconfig */ = {isa = PBXFileReference; includeInIndex = 1; lastKnownFileType = text.xcconfig; name = "Pods-MusicPlaylist.debug.xcconfig"; path = "Target Support Files/Pods-MusicPlaylist/Pods-MusicPlaylist.debug.xcconfig"; sourceTree = "<group>"; };
		7F6800BF18835ABECA6C13B7 /* Pods-MusicPlaylist.release.xcconfig */ = {isa = PBXFileReference; includeInIndex = 1; lastKnownFileType = text.xcconfig; name = "Pods-MusicPlaylist.release.xcconfig"; path = "Target Support Files/Pods-MusicPlaylist/Pods-MusicPlaylist.release.xcconfig"; sourceTree = "<group>"; };
		9A2E3BAECA0DCD29B69D92DA /* Pods-MusicPlaylistUITests.release.xcconfig */ = {isa = PBXFileReference; includeInIndex = 1; lastKnownFileType = text.xcconfig; name = "Pods-MusicPlaylistUITests.release.xcconfig"; path = "Target Support Files/Pods-MusicPlaylistUITests/Pods-MusicPlaylistUITests.release.xcconfig"; sourceTree = "<group>"; };
		C64B73C7D538959811508245 /* Pods-MusicPlaylistTests.release.xcconfig */ = {isa = PBXFileReference; includeInIndex = 1; lastKnownFileType = text.xcconfig; name = "Pods-MusicPlaylistTests.release.xcconfig"; path = "Target Support Files/Pods-MusicPlaylistTests/Pods-MusicPlaylistTests.release.xcconfig"; sourceTree = "<group>"; };
/* End PBXFileReference section */

/* Begin PBXFrameworksBuildPhase section */
		5DC927D72A7A80FF001A4F41 /* Frameworks */ = {
			isa = PBXFrameworksBuildPhase;
			buildActionMask = 2147483647;
			files = (
				6180307E15EB0F7CD4C8D2B0 /* Pods_MusicPlaylist.framework in Frameworks */,
			);
			runOnlyForDeploymentPostprocessing = 0;
		};
		5DC927ED2A7A8100001A4F41 /* Frameworks */ = {
			isa = PBXFrameworksBuildPhase;
			buildActionMask = 2147483647;
			files = (
				77B8E34CC462878E347649A9 /* Pods_MusicPlaylistTests.framework in Frameworks */,
			);
			runOnlyForDeploymentPostprocessing = 0;
		};
		5DC927F72A7A8100001A4F41 /* Frameworks */ = {
			isa = PBXFrameworksBuildPhase;
			buildActionMask = 2147483647;
			files = (
				764151DA5CE70D5F25EA94C2 /* Pods_MusicPlaylistUITests.framework in Frameworks */,
			);
			runOnlyForDeploymentPostprocessing = 0;
		};
/* End PBXFrameworksBuildPhase section */

/* Begin PBXGroup section */
		4260787D63AF00D4F6125CDC /* Frameworks */ = {
			isa = PBXGroup;
			children = (
				42FFAA98D5A076571C9D5050 /* Pods_MusicPlaylist.framework */,
				180CC0AAF5AE9DFD446C7315 /* Pods_MusicPlaylistTests.framework */,
				2829B520C89A22489E268606 /* Pods_MusicPlaylistUITests.framework */,
			);
			name = Frameworks;
			sourceTree = "<group>";
		};
		5D459A742A7BD73600D36CBA /* CollectionView */ = {
			isa = PBXGroup;
			children = (
				5D459A722A7BD4EA00D36CBA /* MusicCell.swift */,
			);
			path = CollectionView;
			sourceTree = "<group>";
		};
		5D4A61E22A7A848D00778C3B /* Utilities */ = {
			isa = PBXGroup;
			children = (
				5D85DB7F2A7B1EF800C00994 /* Constants.swift */,
				5D85DB812A7B1F0A00C00994 /* UserConfigs.swift */,
				5D459A752A7BD7B300D36CBA /* Observable.swift */,
				5D459A772A7BD9F700D36CBA /* CommonMethods.swift */,
				5D459A7B2A7BE37800D36CBA /* AlertHelper.swift */,
			);
			path = Utilities;
			sourceTree = "<group>";
		};
		5D4A61E32A7A84DE00778C3B /* Request */ = {
			isa = PBXGroup;
			children = (
				5D459A792A7BE33300D36CBA /* Connectivity.swift */,
				5D4A61EC2A7A899A00778C3B /* MusicListResponse.swift */,
				5D4A61E62A7A85E600778C3B /* MusicListRequest.swift */,
			);
			path = Request;
			sourceTree = "<group>";
		};
		5D4A61E42A7A84E400778C3B /* Modules */ = {
			isa = PBXGroup;
			children = (
				5D85DB7C2A7B1E6600C00994 /* LaunchScreen */,
				5D85DB8B2A7B282800C00994 /* Settings */,
				5D4A61EB2A7A891600778C3B /* Search */,
				5D4A61EA2A7A890C00778C3B /* Favourite */,
			);
			path = Modules;
			sourceTree = "<group>";
		};
		5D4A61E52A7A855F00778C3B /* Storyboards */ = {
			isa = PBXGroup;
			children = (
				5D85DB852A7B206300C00994 /* Main.storyboard */,
			);
			path = Storyboards;
			sourceTree = "<group>";
		};
		5D4A61EA2A7A890C00778C3B /* Favourite */ = {
			isa = PBXGroup;
			children = (
				5D459A7D2A7BF4F600D36CBA /* FavouriteViewController.swift */,
				5D459A812A7BF50E00D36CBA /* FavouriteViewModel.swift */,
			);
			path = Favourite;
			sourceTree = "<group>";
		};
		5D4A61EB2A7A891600778C3B /* Search */ = {
			isa = PBXGroup;
			children = (
				5D459A742A7BD73600D36CBA /* CollectionView */,
				5DC927E12A7A80FF001A4F41 /* SearchViewController.swift */,
				5D4A61F12A7A919200778C3B /* SearchViewModel.swift */,
			);
			path = Search;
			sourceTree = "<group>";
		};
		5D4A61EE2A7A8A3300778C3B /* Extensions */ = {
			isa = PBXGroup;
			children = (
				5D4A61EF2A7A8A4000778C3B /* Encodable.swift */,
				5D4A61F62A7A94B300778C3B /* String.swift */,
				5D85DB872A7B20A600C00994 /* UIViewController.swift */,
			);
			path = Extensions;
			sourceTree = "<group>";
		};
		5D4A61F32A7A91AF00778C3B /* Data */ = {
			isa = PBXGroup;
			children = (
				5D85DB7A2A7AB3CD00C00994 /* 3.txt */,
				5D85DB782A7AB15F00C00994 /* 2.txt */,
				5D4A61F42A7A91B900778C3B /* 1.txt */,
			);
			path = Data;
			sourceTree = "<group>";
		};
		5D85DB7C2A7B1E6600C00994 /* LaunchScreen */ = {
			isa = PBXGroup;
			children = (
				5D85DB7D2A7B1EE100C00994 /* LaunchScreenViewController.swift */,
			);
			path = LaunchScreen;
			sourceTree = "<group>";
		};
		5D85DB8B2A7B282800C00994 /* Settings */ = {
			isa = PBXGroup;
			children = (
				5D85DB8E2A7B284C00C00994 /* SettingsViewController.swift */,
				5D85DB902A7B285400C00994 /* SettingsViewModel.swift */,
			);
			path = Settings;
			sourceTree = "<group>";
		};
		5DC927D12A7A80FF001A4F41 = {
			isa = PBXGroup;
			children = (
				5DC927DC2A7A80FF001A4F41 /* MusicPlaylist */,
				5DC927F32A7A8100001A4F41 /* MusicPlaylistTests */,
				5DC927FD2A7A8100001A4F41 /* MusicPlaylistUITests */,
				5DC927DB2A7A80FF001A4F41 /* Products */,
				FC628A0D749A66C85EE5A9CF /* Pods */,
				4260787D63AF00D4F6125CDC /* Frameworks */,
			);
			sourceTree = "<group>";
		};
		5DC927DB2A7A80FF001A4F41 /* Products */ = {
			isa = PBXGroup;
			children = (
				5DC927DA2A7A80FF001A4F41 /* MusicPlaylist.app */,
				5DC927F02A7A8100001A4F41 /* MusicPlaylistTests.xctest */,
				5DC927FA2A7A8100001A4F41 /* MusicPlaylistUITests.xctest */,
			);
			name = Products;
			sourceTree = "<group>";
		};
		5DC927DC2A7A80FF001A4F41 /* MusicPlaylist */ = {
			isa = PBXGroup;
			children = (
				5D4A61EE2A7A8A3300778C3B /* Extensions */,
				5D4A61E22A7A848D00778C3B /* Utilities */,
				5D4A61E32A7A84DE00778C3B /* Request */,
				5D4A61E42A7A84E400778C3B /* Modules */,
				5D4A61E52A7A855F00778C3B /* Storyboards */,
				5DC927DD2A7A80FF001A4F41 /* AppDelegate.swift */,
				5D85DB892A7B267000C00994 /* SceneDelegate.swift */,
				5DC927E62A7A8100001A4F41 /* Assets.xcassets */,
				5DC927E82A7A8100001A4F41 /* LaunchScreen.storyboard */,
				5DC927EB2A7A8100001A4F41 /* Info.plist */,
			);
			path = MusicPlaylist;
			sourceTree = "<group>";
		};
		5DC927F32A7A8100001A4F41 /* MusicPlaylistTests */ = {
			isa = PBXGroup;
			children = (
				5D4A61F32A7A91AF00778C3B /* Data */,
				5DC927F42A7A8100001A4F41 /* MusicPlaylistTests.swift */,
			);
			path = MusicPlaylistTests;
			sourceTree = "<group>";
		};
		5DC927FD2A7A8100001A4F41 /* MusicPlaylistUITests */ = {
			isa = PBXGroup;
			children = (
				5DC927FE2A7A8100001A4F41 /* MusicPlaylistUITests.swift */,
				5DC928002A7A8100001A4F41 /* MusicPlaylistUITestsLaunchTests.swift */,
			);
			path = MusicPlaylistUITests;
			sourceTree = "<group>";
		};
		FC628A0D749A66C85EE5A9CF /* Pods */ = {
			isa = PBXGroup;
			children = (
				75B7EF980ACD516797FC9267 /* Pods-MusicPlaylist.debug.xcconfig */,
				7F6800BF18835ABECA6C13B7 /* Pods-MusicPlaylist.release.xcconfig */,
				1B10B3A741FCF7AC9C97B224 /* Pods-MusicPlaylistTests.debug.xcconfig */,
				C64B73C7D538959811508245 /* Pods-MusicPlaylistTests.release.xcconfig */,
				1B45DB58827714A1FE395AF2 /* Pods-MusicPlaylistUITests.debug.xcconfig */,
				9A2E3BAECA0DCD29B69D92DA /* Pods-MusicPlaylistUITests.release.xcconfig */,
			);
			path = Pods;
			sourceTree = "<group>";
		};
/* End PBXGroup section */

/* Begin PBXNativeTarget section */
		5DC927D92A7A80FF001A4F41 /* MusicPlaylist */ = {
			isa = PBXNativeTarget;
			buildConfigurationList = 5DC928042A7A8100001A4F41 /* Build configuration list for PBXNativeTarget "MusicPlaylist" */;
			buildPhases = (
				07C469E1290C16692993C300 /* [CP] Check Pods Manifest.lock */,
				5DC927D62A7A80FF001A4F41 /* Sources */,
				5DC927D72A7A80FF001A4F41 /* Frameworks */,
				5DC927D82A7A80FF001A4F41 /* Resources */,
				EE36427631925F260513F26C /* [CP] Embed Pods Frameworks */,
			);
			buildRules = (
			);
			dependencies = (
			);
			name = MusicPlaylist;
			productName = MusicPlaylist;
			productReference = 5DC927DA2A7A80FF001A4F41 /* MusicPlaylist.app */;
			productType = "com.apple.product-type.application";
		};
		5DC927EF2A7A8100001A4F41 /* MusicPlaylistTests */ = {
			isa = PBXNativeTarget;
			buildConfigurationList = 5DC928072A7A8100001A4F41 /* Build configuration list for PBXNativeTarget "MusicPlaylistTests" */;
			buildPhases = (
				E8CDAF9E278FC719EBF49BE4 /* [CP] Check Pods Manifest.lock */,
				5DC927EC2A7A8100001A4F41 /* Sources */,
				5DC927ED2A7A8100001A4F41 /* Frameworks */,
				5DC927EE2A7A8100001A4F41 /* Resources */,
				C9EC8C3E0FC80766DA7053B2 /* [CP] Embed Pods Frameworks */,
			);
			buildRules = (
			);
			dependencies = (
				5DC927F22A7A8100001A4F41 /* PBXTargetDependency */,
			);
			name = MusicPlaylistTests;
			productName = MusicPlaylistTests;
			productReference = 5DC927F02A7A8100001A4F41 /* MusicPlaylistTests.xctest */;
			productType = "com.apple.product-type.bundle.unit-test";
		};
		5DC927F92A7A8100001A4F41 /* MusicPlaylistUITests */ = {
			isa = PBXNativeTarget;
			buildConfigurationList = 5DC9280A2A7A8100001A4F41 /* Build configuration list for PBXNativeTarget "MusicPlaylistUITests" */;
			buildPhases = (
				2CD49D169F61A5CA7453AA25 /* [CP] Check Pods Manifest.lock */,
				5DC927F62A7A8100001A4F41 /* Sources */,
				5DC927F72A7A8100001A4F41 /* Frameworks */,
				5DC927F82A7A8100001A4F41 /* Resources */,
				B3D8FE675C62BB1608DD7901 /* [CP] Embed Pods Frameworks */,
			);
			buildRules = (
			);
			dependencies = (
				5DC927FC2A7A8100001A4F41 /* PBXTargetDependency */,
			);
			name = MusicPlaylistUITests;
			productName = MusicPlaylistUITests;
			productReference = 5DC927FA2A7A8100001A4F41 /* MusicPlaylistUITests.xctest */;
			productType = "com.apple.product-type.bundle.ui-testing";
		};
/* End PBXNativeTarget section */

/* Begin PBXProject section */
		5DC927D22A7A80FF001A4F41 /* Project object */ = {
			isa = PBXProject;
			attributes = {
				BuildIndependentTargetsInParallel = 1;
				LastSwiftUpdateCheck = 1430;
				LastUpgradeCheck = 1430;
				TargetAttributes = {
					5DC927D92A7A80FF001A4F41 = {
						CreatedOnToolsVersion = 14.3.1;
					};
					5DC927EF2A7A8100001A4F41 = {
						CreatedOnToolsVersion = 14.3.1;
						TestTargetID = 5DC927D92A7A80FF001A4F41;
					};
					5DC927F92A7A8100001A4F41 = {
						CreatedOnToolsVersion = 14.3.1;
						TestTargetID = 5DC927D92A7A80FF001A4F41;
					};
				};
			};
			buildConfigurationList = 5DC927D52A7A80FF001A4F41 /* Build configuration list for PBXProject "MusicPlaylist" */;
			compatibilityVersion = "Xcode 14.0";
			developmentRegion = en;
			hasScannedForEncodings = 0;
			knownRegions = (
				en,
				Base,
			);
			mainGroup = 5DC927D12A7A80FF001A4F41;
			productRefGroup = 5DC927DB2A7A80FF001A4F41 /* Products */;
			projectDirPath = "";
			projectRoot = "";
			targets = (
				5DC927D92A7A80FF001A4F41 /* MusicPlaylist */,
				5DC927EF2A7A8100001A4F41 /* MusicPlaylistTests */,
				5DC927F92A7A8100001A4F41 /* MusicPlaylistUITests */,
			);
		};
/* End PBXProject section */

/* Begin PBXResourcesBuildPhase section */
		5DC927D82A7A80FF001A4F41 /* Resources */ = {
			isa = PBXResourcesBuildPhase;
			buildActionMask = 2147483647;
			files = (
				5DC927EA2A7A8100001A4F41 /* LaunchScreen.storyboard in Resources */,
				5DC927E72A7A8100001A4F41 /* Assets.xcassets in Resources */,
				5D85DB862A7B206300C00994 /* Main.storyboard in Resources */,
			);
			runOnlyForDeploymentPostprocessing = 0;
		};
		5DC927EE2A7A8100001A4F41 /* Resources */ = {
			isa = PBXResourcesBuildPhase;
			buildActionMask = 2147483647;
			files = (
				5D4A61F52A7A91B900778C3B /* 1.txt in Resources */,
				5D85DB7B2A7AB3CE00C00994 /* 3.txt in Resources */,
				5D85DB792A7AB15F00C00994 /* 2.txt in Resources */,
			);
			runOnlyForDeploymentPostprocessing = 0;
		};
		5DC927F82A7A8100001A4F41 /* Resources */ = {
			isa = PBXResourcesBuildPhase;
			buildActionMask = 2147483647;
			files = (
			);
			runOnlyForDeploymentPostprocessing = 0;
		};
/* End PBXResourcesBuildPhase section */

/* Begin PBXShellScriptBuildPhase section */
		07C469E1290C16692993C300 /* [CP] Check Pods Manifest.lock */ = {
			isa = PBXShellScriptBuildPhase;
			buildActionMask = 2147483647;
			files = (
			);
			inputFileListPaths = (
			);
			inputPaths = (
				"${PODS_PODFILE_DIR_PATH}/Podfile.lock",
				"${PODS_ROOT}/Manifest.lock",
			);
			name = "[CP] Check Pods Manifest.lock";
			outputFileListPaths = (
			);
			outputPaths = (
				"$(DERIVED_FILE_DIR)/Pods-MusicPlaylist-checkManifestLockResult.txt",
			);
			runOnlyForDeploymentPostprocessing = 0;
			shellPath = /bin/sh;
			shellScript = "diff \"${PODS_PODFILE_DIR_PATH}/Podfile.lock\" \"${PODS_ROOT}/Manifest.lock\" > /dev/null\nif [ $? != 0 ] ; then\n    # print error to STDERR\n    echo \"error: The sandbox is not in sync with the Podfile.lock. Run 'pod install' or update your CocoaPods installation.\" >&2\n    exit 1\nfi\n# This output is used by Xcode 'outputs' to avoid re-running this script phase.\necho \"SUCCESS\" > \"${SCRIPT_OUTPUT_FILE_0}\"\n";
			showEnvVarsInLog = 0;
		};
		2CD49D169F61A5CA7453AA25 /* [CP] Check Pods Manifest.lock */ = {
			isa = PBXShellScriptBuildPhase;
			buildActionMask = 2147483647;
			files = (
			);
			inputFileListPaths = (
			);
			inputPaths = (
				"${PODS_PODFILE_DIR_PATH}/Podfile.lock",
				"${PODS_ROOT}/Manifest.lock",
			);
			name = "[CP] Check Pods Manifest.lock";
			outputFileListPaths = (
			);
			outputPaths = (
				"$(DERIVED_FILE_DIR)/Pods-MusicPlaylistUITests-checkManifestLockResult.txt",
			);
			runOnlyForDeploymentPostprocessing = 0;
			shellPath = /bin/sh;
			shellScript = "diff \"${PODS_PODFILE_DIR_PATH}/Podfile.lock\" \"${PODS_ROOT}/Manifest.lock\" > /dev/null\nif [ $? != 0 ] ; then\n    # print error to STDERR\n    echo \"error: The sandbox is not in sync with the Podfile.lock. Run 'pod install' or update your CocoaPods installation.\" >&2\n    exit 1\nfi\n# This output is used by Xcode 'outputs' to avoid re-running this script phase.\necho \"SUCCESS\" > \"${SCRIPT_OUTPUT_FILE_0}\"\n";
			showEnvVarsInLog = 0;
		};
		B3D8FE675C62BB1608DD7901 /* [CP] Embed Pods Frameworks */ = {
			isa = PBXShellScriptBuildPhase;
			buildActionMask = 2147483647;
			files = (
			);
			inputFileListPaths = (
				"${PODS_ROOT}/Target Support Files/Pods-MusicPlaylistUITests/Pods-MusicPlaylistUITests-frameworks-${CONFIGURATION}-input-files.xcfilelist",
			);
			name = "[CP] Embed Pods Frameworks";
			outputFileListPaths = (
				"${PODS_ROOT}/Target Support Files/Pods-MusicPlaylistUITests/Pods-MusicPlaylistUITests-frameworks-${CONFIGURATION}-output-files.xcfilelist",
			);
			runOnlyForDeploymentPostprocessing = 0;
			shellPath = /bin/sh;
			shellScript = "\"${PODS_ROOT}/Target Support Files/Pods-MusicPlaylistUITests/Pods-MusicPlaylistUITests-frameworks.sh\"\n";
			showEnvVarsInLog = 0;
		};
		C9EC8C3E0FC80766DA7053B2 /* [CP] Embed Pods Frameworks */ = {
			isa = PBXShellScriptBuildPhase;
			buildActionMask = 2147483647;
			files = (
			);
			inputFileListPaths = (
				"${PODS_ROOT}/Target Support Files/Pods-MusicPlaylistTests/Pods-MusicPlaylistTests-frameworks-${CONFIGURATION}-input-files.xcfilelist",
			);
			name = "[CP] Embed Pods Frameworks";
			outputFileListPaths = (
				"${PODS_ROOT}/Target Support Files/Pods-MusicPlaylistTests/Pods-MusicPlaylistTests-frameworks-${CONFIGURATION}-output-files.xcfilelist",
			);
			runOnlyForDeploymentPostprocessing = 0;
			shellPath = /bin/sh;
			shellScript = "\"${PODS_ROOT}/Target Support Files/Pods-MusicPlaylistTests/Pods-MusicPlaylistTests-frameworks.sh\"\n";
			showEnvVarsInLog = 0;
		};
		E8CDAF9E278FC719EBF49BE4 /* [CP] Check Pods Manifest.lock */ = {
			isa = PBXShellScriptBuildPhase;
			buildActionMask = 2147483647;
			files = (
			);
			inputFileListPaths = (
			);
			inputPaths = (
				"${PODS_PODFILE_DIR_PATH}/Podfile.lock",
				"${PODS_ROOT}/Manifest.lock",
			);
			name = "[CP] Check Pods Manifest.lock";
			outputFileListPaths = (
			);
			outputPaths = (
				"$(DERIVED_FILE_DIR)/Pods-MusicPlaylistTests-checkManifestLockResult.txt",
			);
			runOnlyForDeploymentPostprocessing = 0;
			shellPath = /bin/sh;
			shellScript = "diff \"${PODS_PODFILE_DIR_PATH}/Podfile.lock\" \"${PODS_ROOT}/Manifest.lock\" > /dev/null\nif [ $? != 0 ] ; then\n    # print error to STDERR\n    echo \"error: The sandbox is not in sync with the Podfile.lock. Run 'pod install' or update your CocoaPods installation.\" >&2\n    exit 1\nfi\n# This output is used by Xcode 'outputs' to avoid re-running this script phase.\necho \"SUCCESS\" > \"${SCRIPT_OUTPUT_FILE_0}\"\n";
			showEnvVarsInLog = 0;
		};
		EE36427631925F260513F26C /* [CP] Embed Pods Frameworks */ = {
			isa = PBXShellScriptBuildPhase;
			buildActionMask = 2147483647;
			files = (
			);
			inputFileListPaths = (
				"${PODS_ROOT}/Target Support Files/Pods-MusicPlaylist/Pods-MusicPlaylist-frameworks-${CONFIGURATION}-input-files.xcfilelist",
			);
			name = "[CP] Embed Pods Frameworks";
			outputFileListPaths = (
				"${PODS_ROOT}/Target Support Files/Pods-MusicPlaylist/Pods-MusicPlaylist-frameworks-${CONFIGURATION}-output-files.xcfilelist",
			);
			runOnlyForDeploymentPostprocessing = 0;
			shellPath = /bin/sh;
			shellScript = "\"${PODS_ROOT}/Target Support Files/Pods-MusicPlaylist/Pods-MusicPlaylist-frameworks.sh\"\n";
			showEnvVarsInLog = 0;
		};
/* End PBXShellScriptBuildPhase section */

/* Begin PBXSourcesBuildPhase section */
		5DC927D62A7A80FF001A4F41 /* Sources */ = {
			isa = PBXSourcesBuildPhase;
			buildActionMask = 2147483647;
			files = (
				5D4A61E72A7A85E600778C3B /* MusicListRequest.swift in Sources */,
				5D4A61F02A7A8A4000778C3B /* Encodable.swift in Sources */,
				5D459A7E2A7BF4F600D36CBA /* FavouriteViewController.swift in Sources */,
				5D85DB882A7B20A600C00994 /* UIViewController.swift in Sources */,
				5D459A762A7BD7B300D36CBA /* Observable.swift in Sources */,
				5D85DB822A7B1F0A00C00994 /* UserConfigs.swift in Sources */,
				5D459A782A7BD9F700D36CBA /* CommonMethods.swift in Sources */,
				5D85DB7E2A7B1EE100C00994 /* LaunchScreenViewController.swift in Sources */,
				5DC927E22A7A80FF001A4F41 /* SearchViewController.swift in Sources */,
				5D85DB8F2A7B284C00C00994 /* SettingsViewController.swift in Sources */,
				5DC927DE2A7A80FF001A4F41 /* AppDelegate.swift in Sources */,
				5D459A7A2A7BE33300D36CBA /* Connectivity.swift in Sources */,
				5D459A732A7BD4EA00D36CBA /* MusicCell.swift in Sources */,
				5D85DB8A2A7B267000C00994 /* SceneDelegate.swift in Sources */,
				5D4A61ED2A7A899A00778C3B /* MusicListResponse.swift in Sources */,
				5D4A61F72A7A94B300778C3B /* String.swift in Sources */,
				5D4A61F22A7A919200778C3B /* SearchViewModel.swift in Sources */,
				5D459A822A7BF50E00D36CBA /* FavouriteViewModel.swift in Sources */,
				5D459A7C2A7BE37800D36CBA /* AlertHelper.swift in Sources */,
				5D85DB802A7B1EF800C00994 /* Constants.swift in Sources */,
				5D85DB912A7B285400C00994 /* SettingsViewModel.swift in Sources */,
			);
			runOnlyForDeploymentPostprocessing = 0;
		};
		5DC927EC2A7A8100001A4F41 /* Sources */ = {
			isa = PBXSourcesBuildPhase;
			buildActionMask = 2147483647;
			files = (
				5DC927F52A7A8100001A4F41 /* MusicPlaylistTests.swift in Sources */,
			);
			runOnlyForDeploymentPostprocessing = 0;
		};
		5DC927F62A7A8100001A4F41 /* Sources */ = {
			isa = PBXSourcesBuildPhase;
			buildActionMask = 2147483647;
			files = (
				5DC928012A7A8100001A4F41 /* MusicPlaylistUITestsLaunchTests.swift in Sources */,
				5DC927FF2A7A8100001A4F41 /* MusicPlaylistUITests.swift in Sources */,
			);
			runOnlyForDeploymentPostprocessing = 0;
		};
/* End PBXSourcesBuildPhase section */

/* Begin PBXTargetDependency section */
		5DC927F22A7A8100001A4F41 /* PBXTargetDependency */ = {
			isa = PBXTargetDependency;
			target = 5DC927D92A7A80FF001A4F41 /* MusicPlaylist */;
			targetProxy = 5DC927F12A7A8100001A4F41 /* PBXContainerItemProxy */;
		};
		5DC927FC2A7A8100001A4F41 /* PBXTargetDependency */ = {
			isa = PBXTargetDependency;
			target = 5DC927D92A7A80FF001A4F41 /* MusicPlaylist */;
			targetProxy = 5DC927FB2A7A8100001A4F41 /* PBXContainerItemProxy */;
		};
/* End PBXTargetDependency section */

/* Begin PBXVariantGroup section */
		5DC927E82A7A8100001A4F41 /* LaunchScreen.storyboard */ = {
			isa = PBXVariantGroup;
			children = (
				5DC927E92A7A8100001A4F41 /* Base */,
			);
			name = LaunchScreen.storyboard;
			sourceTree = "<group>";
		};
/* End PBXVariantGroup section */

/* Begin XCBuildConfiguration section */
		5DC928022A7A8100001A4F41 /* Debug */ = {
			isa = XCBuildConfiguration;
			buildSettings = {
				ALWAYS_SEARCH_USER_PATHS = NO;
				CLANG_ANALYZER_NONNULL = YES;
				CLANG_ANALYZER_NUMBER_OBJECT_CONVERSION = YES_AGGRESSIVE;
				CLANG_CXX_LANGUAGE_STANDARD = "gnu++20";
				CLANG_ENABLE_MODULES = YES;
				CLANG_ENABLE_OBJC_ARC = YES;
				CLANG_ENABLE_OBJC_WEAK = YES;
				CLANG_WARN_BLOCK_CAPTURE_AUTORELEASING = YES;
				CLANG_WARN_BOOL_CONVERSION = YES;
				CLANG_WARN_COMMA = YES;
				CLANG_WARN_CONSTANT_CONVERSION = YES;
				CLANG_WARN_DEPRECATED_OBJC_IMPLEMENTATIONS = YES;
				CLANG_WARN_DIRECT_OBJC_ISA_USAGE = YES_ERROR;
				CLANG_WARN_DOCUMENTATION_COMMENTS = YES;
				CLANG_WARN_EMPTY_BODY = YES;
				CLANG_WARN_ENUM_CONVERSION = YES;
				CLANG_WARN_INFINITE_RECURSION = YES;
				CLANG_WARN_INT_CONVERSION = YES;
				CLANG_WARN_NON_LITERAL_NULL_CONVERSION = YES;
				CLANG_WARN_OBJC_IMPLICIT_RETAIN_SELF = YES;
				CLANG_WARN_OBJC_LITERAL_CONVERSION = YES;
				CLANG_WARN_OBJC_ROOT_CLASS = YES_ERROR;
				CLANG_WARN_QUOTED_INCLUDE_IN_FRAMEWORK_HEADER = YES;
				CLANG_WARN_RANGE_LOOP_ANALYSIS = YES;
				CLANG_WARN_STRICT_PROTOTYPES = YES;
				CLANG_WARN_SUSPICIOUS_MOVE = YES;
				CLANG_WARN_UNGUARDED_AVAILABILITY = YES_AGGRESSIVE;
				CLANG_WARN_UNREACHABLE_CODE = YES;
				CLANG_WARN__DUPLICATE_METHOD_MATCH = YES;
				COPY_PHASE_STRIP = NO;
				DEBUG_INFORMATION_FORMAT = dwarf;
				ENABLE_STRICT_OBJC_MSGSEND = YES;
				ENABLE_TESTABILITY = YES;
				GCC_C_LANGUAGE_STANDARD = gnu11;
				GCC_DYNAMIC_NO_PIC = NO;
				GCC_NO_COMMON_BLOCKS = YES;
				GCC_OPTIMIZATION_LEVEL = 0;
				GCC_PREPROCESSOR_DEFINITIONS = (
					"DEBUG=1",
					"$(inherited)",
				);
				GCC_WARN_64_TO_32_BIT_CONVERSION = YES;
				GCC_WARN_ABOUT_RETURN_TYPE = YES_ERROR;
				GCC_WARN_UNDECLARED_SELECTOR = YES;
				GCC_WARN_UNINITIALIZED_AUTOS = YES_AGGRESSIVE;
				GCC_WARN_UNUSED_FUNCTION = YES;
				GCC_WARN_UNUSED_VARIABLE = YES;
				IPHONEOS_DEPLOYMENT_TARGET = 16.4;
				MTL_ENABLE_DEBUG_INFO = INCLUDE_SOURCE;
				MTL_FAST_MATH = YES;
				ONLY_ACTIVE_ARCH = YES;
				SDKROOT = iphoneos;
				SWIFT_ACTIVE_COMPILATION_CONDITIONS = DEBUG;
				SWIFT_OPTIMIZATION_LEVEL = "-Onone";
			};
			name = Debug;
		};
		5DC928032A7A8100001A4F41 /* Release */ = {
			isa = XCBuildConfiguration;
			buildSettings = {
				ALWAYS_SEARCH_USER_PATHS = NO;
				CLANG_ANALYZER_NONNULL = YES;
				CLANG_ANALYZER_NUMBER_OBJECT_CONVERSION = YES_AGGRESSIVE;
				CLANG_CXX_LANGUAGE_STANDARD = "gnu++20";
				CLANG_ENABLE_MODULES = YES;
				CLANG_ENABLE_OBJC_ARC = YES;
				CLANG_ENABLE_OBJC_WEAK = YES;
				CLANG_WARN_BLOCK_CAPTURE_AUTORELEASING = YES;
				CLANG_WARN_BOOL_CONVERSION = YES;
				CLANG_WARN_COMMA = YES;
				CLANG_WARN_CONSTANT_CONVERSION = YES;
				CLANG_WARN_DEPRECATED_OBJC_IMPLEMENTATIONS = YES;
				CLANG_WARN_DIRECT_OBJC_ISA_USAGE = YES_ERROR;
				CLANG_WARN_DOCUMENTATION_COMMENTS = YES;
				CLANG_WARN_EMPTY_BODY = YES;
				CLANG_WARN_ENUM_CONVERSION = YES;
				CLANG_WARN_INFINITE_RECURSION = YES;
				CLANG_WARN_INT_CONVERSION = YES;
				CLANG_WARN_NON_LITERAL_NULL_CONVERSION = YES;
				CLANG_WARN_OBJC_IMPLICIT_RETAIN_SELF = YES;
				CLANG_WARN_OBJC_LITERAL_CONVERSION = YES;
				CLANG_WARN_OBJC_ROOT_CLASS = YES_ERROR;
				CLANG_WARN_QUOTED_INCLUDE_IN_FRAMEWORK_HEADER = YES;
				CLANG_WARN_RANGE_LOOP_ANALYSIS = YES;
				CLANG_WARN_STRICT_PROTOTYPES = YES;
				CLANG_WARN_SUSPICIOUS_MOVE = YES;
				CLANG_WARN_UNGUARDED_AVAILABILITY = YES_AGGRESSIVE;
				CLANG_WARN_UNREACHABLE_CODE = YES;
				CLANG_WARN__DUPLICATE_METHOD_MATCH = YES;
				COPY_PHASE_STRIP = NO;
				DEBUG_INFORMATION_FORMAT = "dwarf-with-dsym";
				ENABLE_NS_ASSERTIONS = NO;
				ENABLE_STRICT_OBJC_MSGSEND = YES;
				GCC_C_LANGUAGE_STANDARD = gnu11;
				GCC_NO_COMMON_BLOCKS = YES;
				GCC_WARN_64_TO_32_BIT_CONVERSION = YES;
				GCC_WARN_ABOUT_RETURN_TYPE = YES_ERROR;
				GCC_WARN_UNDECLARED_SELECTOR = YES;
				GCC_WARN_UNINITIALIZED_AUTOS = YES_AGGRESSIVE;
				GCC_WARN_UNUSED_FUNCTION = YES;
				GCC_WARN_UNUSED_VARIABLE = YES;
				IPHONEOS_DEPLOYMENT_TARGET = 16.4;
				MTL_ENABLE_DEBUG_INFO = NO;
				MTL_FAST_MATH = YES;
				SDKROOT = iphoneos;
				SWIFT_COMPILATION_MODE = wholemodule;
				SWIFT_OPTIMIZATION_LEVEL = "-O";
				VALIDATE_PRODUCT = YES;
			};
			name = Release;
		};
		5DC928052A7A8100001A4F41 /* Debug */ = {
			isa = XCBuildConfiguration;
			baseConfigurationReference = 75B7EF980ACD516797FC9267 /* Pods-MusicPlaylist.debug.xcconfig */;
			buildSettings = {
				ASSETCATALOG_COMPILER_APPICON_NAME = AppIcon;
				ASSETCATALOG_COMPILER_GLOBAL_ACCENT_COLOR_NAME = AccentColor;
				CODE_SIGN_STYLE = Automatic;
				CURRENT_PROJECT_VERSION = 1;
				GENERATE_INFOPLIST_FILE = YES;
				INFOPLIST_FILE = MusicPlaylist/Info.plist;
				INFOPLIST_KEY_UIApplicationSupportsIndirectInputEvents = YES;
				INFOPLIST_KEY_UILaunchStoryboardName = LaunchScreen.storyboard;
				INFOPLIST_KEY_UIMainStoryboardFile = Main;
				INFOPLIST_KEY_UISupportedInterfaceOrientations_iPad = "UIInterfaceOrientationPortrait UIInterfaceOrientationPortraitUpsideDown UIInterfaceOrientationLandscapeLeft UIInterfaceOrientationLandscapeRight";
				INFOPLIST_KEY_UISupportedInterfaceOrientations_iPhone = "UIInterfaceOrientationPortrait UIInterfaceOrientationLandscapeLeft UIInterfaceOrientationLandscapeRight";
				IPHONEOS_DEPLOYMENT_TARGET = 12.0;
				LD_RUNPATH_SEARCH_PATHS = (
					"$(inherited)",
					"@executable_path/Frameworks",
				);
				MARKETING_VERSION = 1.0;
				PRODUCT_BUNDLE_IDENTIFIER = "My-Company.MusicPlaylist";
				PRODUCT_NAME = "$(TARGET_NAME)";
				SWIFT_EMIT_LOC_STRINGS = YES;
				SWIFT_VERSION = 5.0;
				TARGETED_DEVICE_FAMILY = "1,2";
			};
			name = Debug;
		};
		5DC928062A7A8100001A4F41 /* Release */ = {
			isa = XCBuildConfiguration;
			baseConfigurationReference = 7F6800BF18835ABECA6C13B7 /* Pods-MusicPlaylist.release.xcconfig */;
			buildSettings = {
				ASSETCATALOG_COMPILER_APPICON_NAME = AppIcon;
				ASSETCATALOG_COMPILER_GLOBAL_ACCENT_COLOR_NAME = AccentColor;
				CODE_SIGN_STYLE = Automatic;
				CURRENT_PROJECT_VERSION = 1;
				GENERATE_INFOPLIST_FILE = YES;
				INFOPLIST_FILE = MusicPlaylist/Info.plist;
				INFOPLIST_KEY_UIApplicationSupportsIndirectInputEvents = YES;
				INFOPLIST_KEY_UILaunchStoryboardName = LaunchScreen.storyboard;
				INFOPLIST_KEY_UIMainStoryboardFile = Main;
				INFOPLIST_KEY_UISupportedInterfaceOrientations_iPad = "UIInterfaceOrientationPortrait UIInterfaceOrientationPortraitUpsideDown UIInterfaceOrientationLandscapeLeft UIInterfaceOrientationLandscapeRight";
				INFOPLIST_KEY_UISupportedInterfaceOrientations_iPhone = "UIInterfaceOrientationPortrait UIInterfaceOrientationLandscapeLeft UIInterfaceOrientationLandscapeRight";
				IPHONEOS_DEPLOYMENT_TARGET = 12.0;
				LD_RUNPATH_SEARCH_PATHS = (
					"$(inherited)",
					"@executable_path/Frameworks",
				);
				MARKETING_VERSION = 1.0;
				PRODUCT_BUNDLE_IDENTIFIER = "My-Company.MusicPlaylist";
				PRODUCT_NAME = "$(TARGET_NAME)";
				SWIFT_EMIT_LOC_STRINGS = YES;
				SWIFT_VERSION = 5.0;
				TARGETED_DEVICE_FAMILY = "1,2";
			};
			name = Release;
		};
		5DC928082A7A8100001A4F41 /* Debug */ = {
			isa = XCBuildConfiguration;
			baseConfigurationReference = 1B10B3A741FCF7AC9C97B224 /* Pods-MusicPlaylistTests.debug.xcconfig */;
			buildSettings = {
				ALWAYS_EMBED_SWIFT_STANDARD_LIBRARIES = YES;
				BUNDLE_LOADER = "$(BUILT_PRODUCTS_DIR)/MusicPlaylist.app/MusicPlaylist";
				CODE_SIGN_STYLE = Automatic;
				CURRENT_PROJECT_VERSION = 1;
				GENERATE_INFOPLIST_FILE = YES;
				IPHONEOS_DEPLOYMENT_TARGET = 12.0;
				MARKETING_VERSION = 1.0;
				PRODUCT_BUNDLE_IDENTIFIER = "My-Company.MusicPlaylistTests";
				PRODUCT_NAME = "$(TARGET_NAME)";
				SWIFT_EMIT_LOC_STRINGS = NO;
				SWIFT_VERSION = 5.0;
				TARGETED_DEVICE_FAMILY = "1,2";
				TEST_HOST = "$(BUILT_PRODUCTS_DIR)/MusicPlaylist.app/$(BUNDLE_EXECUTABLE_FOLDER_PATH)/MusicPlaylist";
			};
			name = Debug;
		};
		5DC928092A7A8100001A4F41 /* Release */ = {
			isa = XCBuildConfiguration;
			baseConfigurationReference = C64B73C7D538959811508245 /* Pods-MusicPlaylistTests.release.xcconfig */;
			buildSettings = {
				ALWAYS_EMBED_SWIFT_STANDARD_LIBRARIES = YES;
				BUNDLE_LOADER = "$(BUILT_PRODUCTS_DIR)/MusicPlaylist.app/MusicPlaylist";
				CODE_SIGN_STYLE = Automatic;
				CURRENT_PROJECT_VERSION = 1;
				GENERATE_INFOPLIST_FILE = YES;
				IPHONEOS_DEPLOYMENT_TARGET = 12.0;
				MARKETING_VERSION = 1.0;
				PRODUCT_BUNDLE_IDENTIFIER = "My-Company.MusicPlaylistTests";
				PRODUCT_NAME = "$(TARGET_NAME)";
				SWIFT_EMIT_LOC_STRINGS = NO;
				SWIFT_VERSION = 5.0;
				TARGETED_DEVICE_FAMILY = "1,2";
				TEST_HOST = "$(BUILT_PRODUCTS_DIR)/MusicPlaylist.app/$(BUNDLE_EXECUTABLE_FOLDER_PATH)/MusicPlaylist";
			};
			name = Release;
		};
		5DC9280B2A7A8100001A4F41 /* Debug */ = {
			isa = XCBuildConfiguration;
			baseConfigurationReference = 1B45DB58827714A1FE395AF2 /* Pods-MusicPlaylistUITests.debug.xcconfig */;
			buildSettings = {
				ALWAYS_EMBED_SWIFT_STANDARD_LIBRARIES = YES;
				CODE_SIGN_STYLE = Automatic;
				CURRENT_PROJECT_VERSION = 1;
				GENERATE_INFOPLIST_FILE = YES;
				IPHONEOS_DEPLOYMENT_TARGET = 12.0;
				MARKETING_VERSION = 1.0;
				PRODUCT_BUNDLE_IDENTIFIER = "My-Company.MusicPlaylistUITests";
				PRODUCT_NAME = "$(TARGET_NAME)";
				PROVISIONING_PROFILE = "";
				SWIFT_EMIT_LOC_STRINGS = NO;
				SWIFT_VERSION = 5.0;
				TARGETED_DEVICE_FAMILY = "1,2";
				TEST_TARGET_NAME = MusicPlaylist;
			};
			name = Debug;
		};
		5DC9280C2A7A8100001A4F41 /* Release */ = {
			isa = XCBuildConfiguration;
			baseConfigurationReference = 9A2E3BAECA0DCD29B69D92DA /* Pods-MusicPlaylistUITests.release.xcconfig */;
			buildSettings = {
				ALWAYS_EMBED_SWIFT_STANDARD_LIBRARIES = YES;
				CODE_SIGN_STYLE = Automatic;
				CURRENT_PROJECT_VERSION = 1;
				GENERATE_INFOPLIST_FILE = YES;
				IPHONEOS_DEPLOYMENT_TARGET = 12.0;
				MARKETING_VERSION = 1.0;
				PRODUCT_BUNDLE_IDENTIFIER = "My-Company.MusicPlaylistUITests";
				PRODUCT_NAME = "$(TARGET_NAME)";
				PROVISIONING_PROFILE = "";
				SWIFT_EMIT_LOC_STRINGS = NO;
				SWIFT_VERSION = 5.0;
				TARGETED_DEVICE_FAMILY = "1,2";
				TEST_TARGET_NAME = MusicPlaylist;
			};
			name = Release;
		};
/* End XCBuildConfiguration section */

/* Begin XCConfigurationList section */
		5DC927D52A7A80FF001A4F41 /* Build configuration list for PBXProject "MusicPlaylist" */ = {
			isa = XCConfigurationList;
			buildConfigurations = (
				5DC928022A7A8100001A4F41 /* Debug */,
				5DC928032A7A8100001A4F41 /* Release */,
			);
			defaultConfigurationIsVisible = 0;
			defaultConfigurationName = Release;
		};
		5DC928042A7A8100001A4F41 /* Build configuration list for PBXNativeTarget "MusicPlaylist" */ = {
			isa = XCConfigurationList;
			buildConfigurations = (
				5DC928052A7A8100001A4F41 /* Debug */,
				5DC928062A7A8100001A4F41 /* Release */,
			);
			defaultConfigurationIsVisible = 0;
			defaultConfigurationName = Release;
		};
		5DC928072A7A8100001A4F41 /* Build configuration list for PBXNativeTarget "MusicPlaylistTests" */ = {
			isa = XCConfigurationList;
			buildConfigurations = (
				5DC928082A7A8100001A4F41 /* Debug */,
				5DC928092A7A8100001A4F41 /* Release */,
			);
			defaultConfigurationIsVisible = 0;
			defaultConfigurationName = Release;
		};
		5DC9280A2A7A8100001A4F41 /* Build configuration list for PBXNativeTarget "MusicPlaylistUITests" */ = {
			isa = XCConfigurationList;
			buildConfigurations = (
				5DC9280B2A7A8100001A4F41 /* Debug */,
				5DC9280C2A7A8100001A4F41 /* Release */,
			);
			defaultConfigurationIsVisible = 0;
			defaultConfigurationName = Release;
		};
/* End XCConfigurationList section */
	};
	rootObject = 5DC927D22A7A80FF001A4F41 /* Project object */;
}
